
Microsoft Visual Studio Solution File, Format Version 12.00
# Visual Studio Version 16
VisualStudioVersion = 16.0.29613.14
MinimumVisualStudioVersion = 10.0.40219.1
Project("{FAE04EC0-301F-11D3-BF4B-00C04F79EFBC}") = "AssignmentTrial", "AssignmentTrial\AssignmentTrial.csproj", "{A86B63BE-0302-4BC4-AFA2-F210EDB7D4E6}"
EndProject
Global
	GlobalSection(SolutionConfigurationPlatforms) = preSolution
		Debug|Any CPU = Debug|Any CPU
		Release|Any CPU = Release|Any CPU
	EndGlobalSection
	GlobalSection(ProjectConfigurationPlatforms) = postSolution
		{A86B63BE-0302-4BC4-AFA2-F210EDB7D4E6}.Debug|Any CPU.ActiveCfg = Debug|Any CPU
		{A86B63BE-0302-4BC4-AFA2-F210EDB7D4E6}.Debug|Any CPU.Build.0 = Debug|Any CPU
		{A86B63BE-0302-4BC4-AFA2-F210EDB7D4E6}.Release|Any CPU.ActiveCfg = Release|Any CPU
		{A86B63BE-0302-4BC4-AFA2-F210EDB7D4E6}.Release|Any CPU.Build.0 = Release|Any CPU
	EndGlobalSection
	GlobalSection(SolutionProperties) = preSolution
		HideSolutionNode = FALSE
	EndGlobalSection
	GlobalSection(ExtensibilityGlobals) = postSolution
		SolutionGuid = {D39D7DCE-DDE2-4D0D-B708-8A9C3440213B}
	EndGlobalSection
EndGlobal
